PODS:
  - Reusable (4.1.2):
    - Reusable/Storyboard (= 4.1.2)
    - Reusable/View (= 4.1.2)
  - Reusable/Storyboard (4.1.2)
  - Reusable/View (4.1.2)

DEPENDENCIES:
  - Reusable

SPEC REPOS:
  trunk:
    - Reusable

SPEC CHECKSUMS:
  Reusable: 6bae6a5e8aa793c9c441db0213c863a64bce9136

PODFILE CHECKSUM: 51de533f31ff270cc37c368b54ccb4e8b0b3eef7

COCOAPODS: 1.11.2
